
Microsoft Visual Studio Solution File, Format Version 12.00
# Visual Studio 2013
VisualStudioVersion = 12.0.31101.0
MinimumVisualStudioVersion = 10.0.40219.1
Project("{FAE04EC0-301F-11D3-BF4B-00C04F79EFBC}") = "FirmwarePacker", "FirmwarePacker\FirmwarePacker.csproj", "{1514101A-C93D-4343-9B68-765A78C08054}"
EndProject
Project("{FAE04EC0-301F-11D3-BF4B-00C04F79EFBC}") = "FirmwarePacking", "netFirmwarePacking\FirmwarePacking.csproj", "{ACAFB9B6-F2F8-4B22-8E8A-0C453FBF71B6}"
EndProject
Project("{FAE04EC0-301F-11D3-BF4B-00C04F79EFBC}") = "FirmwareBurner", "FirmwareBurner\FirmwareBurner.csproj", "{8C7FAFEB-0291-44AE-90C1-6E38994D9C1B}"
EndProject
Project("{2150E333-8FDC-42A3-9474-1A3956D46DE8}") = "Libs", "Libs", "{281B3551-87CB-435D-9DD4-4C4F0FE5F3A4}"
EndProject
Project("{FAE04EC0-301F-11D3-BF4B-00C04F79EFBC}") = "DesignUtils", "WpfLib\DesignUtils\DesignUtils.csproj", "{35D6D022-3F5F-47DF-ACBF-5F2723B48384}"
EndProject
Project("{FAE04EC0-301F-11D3-BF4B-00C04F79EFBC}") = "FirmwareBurner.ImageFormatters.Avr", "FirmwareBurner.ImageFormatters.Avr\FirmwareBurner.ImageFormatters.Avr.csproj", "{ACB4B15A-9B69-4817-BC4E-B8FCEB6E3EFF}"
EndProject
Project("{FAE04EC0-301F-11D3-BF4B-00C04F79EFBC}") = "FirmwareBurner.Shared", "FirmwareBurner.Shared\FirmwareBurner.Shared.csproj", "{5AB84540-E4AF-475A-B998-6F66E9BF495A}"
EndProject
Project("{FAE04EC0-301F-11D3-BF4B-00C04F79EFBC}") = "FirmwareBurner.ImageFormatters.Cortex", "FirmwareBurner.ImageFormatters.Cortex\FirmwareBurner.ImageFormatters.Cortex.csproj", "{E2D67FE6-60E8-47D9-9FF8-131842BDB86E}"
EndProject
Project("{2150E333-8FDC-42A3-9474-1A3956D46DE8}") = "ImageFormatters", "ImageFormatters", "{49AD1DB4-091A-47D3-83F2-2C10CEAA9C1B}"
EndProject
Project("{2150E333-8FDC-42A3-9474-1A3956D46DE8}") = "BurningTools", "BurningTools", "{68890B6A-A57C-431C-B8BA-53F6C320A7D2}"
EndProject
Project("{FAE04EC0-301F-11D3-BF4B-00C04F79EFBC}") = "FirmwareBurner.BurningTools.Stk500", "FirmwareBurner.BurningTools.Stk500\FirmwareBurner.BurningTools.Stk500.csproj", "{89086766-12A5-4536-80C8-4071194E0086}"
EndProject
Project("{FAE04EC0-301F-11D3-BF4B-00C04F79EFBC}") = "FirmwareBurner.BurningTools.FileBurner", "FirmwareBurner.BurningTools.FileBurner\FirmwareBurner.BurningTools.FileBurner.csproj", "{098F7A69-0E75-4BCD-9622-5F3E4ED7C187}"
EndProject
Project("{2150E333-8FDC-42A3-9474-1A3956D46DE8}") = "Receipts", "Receipts", "{49BAFDB6-9F31-45A8-877D-7EB29CBC9851}"
EndProject
Project("{FAE04EC0-301F-11D3-BF4B-00C04F79EFBC}") = "FirmwareBurner.Receipts.Avr", "FirmwareBurner.Receipts.Avr\FirmwareBurner.Receipts.Avr.csproj", "{461BC597-308C-4C8C-8BB8-80ED6230C386}"
EndProject
Project("{FAE04EC0-301F-11D3-BF4B-00C04F79EFBC}") = "FirmwareBurner.IntelHex", "FirmwareBurner.IntelHex\FirmwareBurner.IntelHex.csproj", "{3BB47BEF-9B6F-408A-AB8A-4B1414492D01}"
EndProject
Global
	GlobalSection(SolutionConfigurationPlatforms) = preSolution
		Debug|Any CPU = Debug|Any CPU
		Debug|Mixed Platforms = Debug|Mixed Platforms
		Debug|x86 = Debug|x86
		Release|Any CPU = Release|Any CPU
		Release|Mixed Platforms = Release|Mixed Platforms
		Release|x86 = Release|x86
	EndGlobalSection
	GlobalSection(ProjectConfigurationPlatforms) = postSolution
		{1514101A-C93D-4343-9B68-765A78C08054}.Debug|Any CPU.ActiveCfg = Debug|x86
		{1514101A-C93D-4343-9B68-765A78C08054}.Debug|Mixed Platforms.ActiveCfg = Debug|x86
		{1514101A-C93D-4343-9B68-765A78C08054}.Debug|Mixed Platforms.Build.0 = Debug|x86
		{1514101A-C93D-4343-9B68-765A78C08054}.Debug|x86.ActiveCfg = Debug|x86
		{1514101A-C93D-4343-9B68-765A78C08054}.Debug|x86.Build.0 = Debug|x86
		{1514101A-C93D-4343-9B68-765A78C08054}.Release|Any CPU.ActiveCfg = Release|x86
		{1514101A-C93D-4343-9B68-765A78C08054}.Release|Mixed Platforms.ActiveCfg = Release|x86
		{1514101A-C93D-4343-9B68-765A78C08054}.Release|Mixed Platforms.Build.0 = Release|x86
		{1514101A-C93D-4343-9B68-765A78C08054}.Release|x86.ActiveCfg = Release|x86
		{1514101A-C93D-4343-9B68-765A78C08054}.Release|x86.Build.0 = Release|x86
		{ACAFB9B6-F2F8-4B22-8E8A-0C453FBF71B6}.Debug|Any CPU.ActiveCfg = Debug|Any CPU
		{ACAFB9B6-F2F8-4B22-8E8A-0C453FBF71B6}.Debug|Any CPU.Build.0 = Debug|Any CPU
		{ACAFB9B6-F2F8-4B22-8E8A-0C453FBF71B6}.Debug|Mixed Platforms.ActiveCfg = Debug|Any CPU
		{ACAFB9B6-F2F8-4B22-8E8A-0C453FBF71B6}.Debug|Mixed Platforms.Build.0 = Debug|Any CPU
		{ACAFB9B6-F2F8-4B22-8E8A-0C453FBF71B6}.Debug|x86.ActiveCfg = Debug|Any CPU
		{ACAFB9B6-F2F8-4B22-8E8A-0C453FBF71B6}.Release|Any CPU.ActiveCfg = Release|Any CPU
		{ACAFB9B6-F2F8-4B22-8E8A-0C453FBF71B6}.Release|Any CPU.Build.0 = Release|Any CPU
		{ACAFB9B6-F2F8-4B22-8E8A-0C453FBF71B6}.Release|Mixed Platforms.ActiveCfg = Release|Any CPU
		{ACAFB9B6-F2F8-4B22-8E8A-0C453FBF71B6}.Release|Mixed Platforms.Build.0 = Release|Any CPU
		{ACAFB9B6-F2F8-4B22-8E8A-0C453FBF71B6}.Release|x86.ActiveCfg = Release|Any CPU
		{8C7FAFEB-0291-44AE-90C1-6E38994D9C1B}.Debug|Any CPU.ActiveCfg = Debug|x86
		{8C7FAFEB-0291-44AE-90C1-6E38994D9C1B}.Debug|Mixed Platforms.ActiveCfg = Debug|x86
		{8C7FAFEB-0291-44AE-90C1-6E38994D9C1B}.Debug|Mixed Platforms.Build.0 = Debug|x86
		{8C7FAFEB-0291-44AE-90C1-6E38994D9C1B}.Debug|x86.ActiveCfg = Debug|x86
		{8C7FAFEB-0291-44AE-90C1-6E38994D9C1B}.Debug|x86.Build.0 = Debug|x86
		{8C7FAFEB-0291-44AE-90C1-6E38994D9C1B}.Release|Any CPU.ActiveCfg = Release|x86
		{8C7FAFEB-0291-44AE-90C1-6E38994D9C1B}.Release|Mixed Platforms.ActiveCfg = Release|x86
		{8C7FAFEB-0291-44AE-90C1-6E38994D9C1B}.Release|Mixed Platforms.Build.0 = Release|x86
		{8C7FAFEB-0291-44AE-90C1-6E38994D9C1B}.Release|x86.ActiveCfg = Release|x86
		{8C7FAFEB-0291-44AE-90C1-6E38994D9C1B}.Release|x86.Build.0 = Release|x86
		{35D6D022-3F5F-47DF-ACBF-5F2723B48384}.Debug|Any CPU.ActiveCfg = Debug|Any CPU
		{35D6D022-3F5F-47DF-ACBF-5F2723B48384}.Debug|Any CPU.Build.0 = Debug|Any CPU
		{35D6D022-3F5F-47DF-ACBF-5F2723B48384}.Debug|Mixed Platforms.ActiveCfg = Debug|Any CPU
		{35D6D022-3F5F-47DF-ACBF-5F2723B48384}.Debug|Mixed Platforms.Build.0 = Debug|Any CPU
		{35D6D022-3F5F-47DF-ACBF-5F2723B48384}.Debug|x86.ActiveCfg = Debug|Any CPU
		{35D6D022-3F5F-47DF-ACBF-5F2723B48384}.Release|Any CPU.ActiveCfg = Release|Any CPU
		{35D6D022-3F5F-47DF-ACBF-5F2723B48384}.Release|Any CPU.Build.0 = Release|Any CPU
		{35D6D022-3F5F-47DF-ACBF-5F2723B48384}.Release|Mixed Platforms.ActiveCfg = Release|Any CPU
		{35D6D022-3F5F-47DF-ACBF-5F2723B48384}.Release|Mixed Platforms.Build.0 = Release|Any CPU
		{35D6D022-3F5F-47DF-ACBF-5F2723B48384}.Release|x86.ActiveCfg = Release|Any CPU
		{ACB4B15A-9B69-4817-BC4E-B8FCEB6E3EFF}.Debug|Any CPU.ActiveCfg = Debug|Any CPU
		{ACB4B15A-9B69-4817-BC4E-B8FCEB6E3EFF}.Debug|Any CPU.Build.0 = Debug|Any CPU
		{ACB4B15A-9B69-4817-BC4E-B8FCEB6E3EFF}.Debug|Mixed Platforms.ActiveCfg = Debug|Any CPU
		{ACB4B15A-9B69-4817-BC4E-B8FCEB6E3EFF}.Debug|Mixed Platforms.Build.0 = Debug|Any CPU
		{ACB4B15A-9B69-4817-BC4E-B8FCEB6E3EFF}.Debug|x86.ActiveCfg = Debug|Any CPU
		{ACB4B15A-9B69-4817-BC4E-B8FCEB6E3EFF}.Release|Any CPU.ActiveCfg = Release|Any CPU
		{ACB4B15A-9B69-4817-BC4E-B8FCEB6E3EFF}.Release|Any CPU.Build.0 = Release|Any CPU
		{ACB4B15A-9B69-4817-BC4E-B8FCEB6E3EFF}.Release|Mixed Platforms.ActiveCfg = Release|Any CPU
		{ACB4B15A-9B69-4817-BC4E-B8FCEB6E3EFF}.Release|Mixed Platforms.Build.0 = Release|Any CPU
		{ACB4B15A-9B69-4817-BC4E-B8FCEB6E3EFF}.Release|x86.ActiveCfg = Release|Any CPU
		{5AB84540-E4AF-475A-B998-6F66E9BF495A}.Debug|Any CPU.ActiveCfg = Debug|Any CPU
		{5AB84540-E4AF-475A-B998-6F66E9BF495A}.Debug|Any CPU.Build.0 = Debug|Any CPU
		{5AB84540-E4AF-475A-B998-6F66E9BF495A}.Debug|Mixed Platforms.ActiveCfg = Debug|Any CPU
		{5AB84540-E4AF-475A-B998-6F66E9BF495A}.Debug|Mixed Platforms.Build.0 = Debug|Any CPU
		{5AB84540-E4AF-475A-B998-6F66E9BF495A}.Debug|x86.ActiveCfg = Debug|Any CPU
		{5AB84540-E4AF-475A-B998-6F66E9BF495A}.Release|Any CPU.ActiveCfg = Release|Any CPU
		{5AB84540-E4AF-475A-B998-6F66E9BF495A}.Release|Any CPU.Build.0 = Release|Any CPU
		{5AB84540-E4AF-475A-B998-6F66E9BF495A}.Release|Mixed Platforms.ActiveCfg = Release|Any CPU
		{5AB84540-E4AF-475A-B998-6F66E9BF495A}.Release|Mixed Platforms.Build.0 = Release|Any CPU
		{5AB84540-E4AF-475A-B998-6F66E9BF495A}.Release|x86.ActiveCfg = Release|Any CPU
		{E2D67FE6-60E8-47D9-9FF8-131842BDB86E}.Debug|Any CPU.ActiveCfg = Debug|Any CPU
		{E2D67FE6-60E8-47D9-9FF8-131842BDB86E}.Debug|Any CPU.Build.0 = Debug|Any CPU
		{E2D67FE6-60E8-47D9-9FF8-131842BDB86E}.Debug|Mixed Platforms.ActiveCfg = Debug|Any CPU
		{E2D67FE6-60E8-47D9-9FF8-131842BDB86E}.Debug|Mixed Platforms.Build.0 = Debug|Any CPU
		{E2D67FE6-60E8-47D9-9FF8-131842BDB86E}.Debug|x86.ActiveCfg = Debug|Any CPU
		{E2D67FE6-60E8-47D9-9FF8-131842BDB86E}.Release|Any CPU.ActiveCfg = Release|Any CPU
		{E2D67FE6-60E8-47D9-9FF8-131842BDB86E}.Release|Any CPU.Build.0 = Release|Any CPU
		{E2D67FE6-60E8-47D9-9FF8-131842BDB86E}.Release|Mixed Platforms.ActiveCfg = Release|Any CPU
		{E2D67FE6-60E8-47D9-9FF8-131842BDB86E}.Release|Mixed Platforms.Build.0 = Release|Any CPU
		{E2D67FE6-60E8-47D9-9FF8-131842BDB86E}.Release|x86.ActiveCfg = Release|Any CPU
		{89086766-12A5-4536-80C8-4071194E0086}.Debug|Any CPU.ActiveCfg = Debug|Any CPU
		{89086766-12A5-4536-80C8-4071194E0086}.Debug|Any CPU.Build.0 = Debug|Any CPU
		{89086766-12A5-4536-80C8-4071194E0086}.Debug|Mixed Platforms.ActiveCfg = Debug|Any CPU
		{89086766-12A5-4536-80C8-4071194E0086}.Debug|Mixed Platforms.Build.0 = Debug|Any CPU
		{89086766-12A5-4536-80C8-4071194E0086}.Debug|x86.ActiveCfg = Debug|Any CPU
		{89086766-12A5-4536-80C8-4071194E0086}.Release|Any CPU.ActiveCfg = Release|Any CPU
		{89086766-12A5-4536-80C8-4071194E0086}.Release|Any CPU.Build.0 = Release|Any CPU
		{89086766-12A5-4536-80C8-4071194E0086}.Release|Mixed Platforms.ActiveCfg = Release|Any CPU
		{89086766-12A5-4536-80C8-4071194E0086}.Release|Mixed Platforms.Build.0 = Release|Any CPU
		{89086766-12A5-4536-80C8-4071194E0086}.Release|x86.ActiveCfg = Release|Any CPU
		{098F7A69-0E75-4BCD-9622-5F3E4ED7C187}.Debug|Any CPU.ActiveCfg = Debug|Any CPU
		{098F7A69-0E75-4BCD-9622-5F3E4ED7C187}.Debug|Any CPU.Build.0 = Debug|Any CPU
		{098F7A69-0E75-4BCD-9622-5F3E4ED7C187}.Debug|Mixed Platforms.ActiveCfg = Debug|Any CPU
		{098F7A69-0E75-4BCD-9622-5F3E4ED7C187}.Debug|Mixed Platforms.Build.0 = Debug|Any CPU
		{098F7A69-0E75-4BCD-9622-5F3E4ED7C187}.Debug|x86.ActiveCfg = Debug|Any CPU
		{098F7A69-0E75-4BCD-9622-5F3E4ED7C187}.Release|Any CPU.ActiveCfg = Release|Any CPU
		{098F7A69-0E75-4BCD-9622-5F3E4ED7C187}.Release|Any CPU.Build.0 = Release|Any CPU
		{098F7A69-0E75-4BCD-9622-5F3E4ED7C187}.Release|Mixed Platforms.ActiveCfg = Release|Any CPU
		{098F7A69-0E75-4BCD-9622-5F3E4ED7C187}.Release|Mixed Platforms.Build.0 = Release|Any CPU
		{098F7A69-0E75-4BCD-9622-5F3E4ED7C187}.Release|x86.ActiveCfg = Release|Any CPU
		{461BC597-308C-4C8C-8BB8-80ED6230C386}.Debug|Any CPU.ActiveCfg = Debug|Any CPU
		{461BC597-308C-4C8C-8BB8-80ED6230C386}.Debug|Any CPU.Build.0 = Debug|Any CPU
		{461BC597-308C-4C8C-8BB8-80ED6230C386}.Debug|Mixed Platforms.ActiveCfg = Debug|Any CPU
		{461BC597-308C-4C8C-8BB8-80ED6230C386}.Debug|Mixed Platforms.Build.0 = Debug|Any CPU
		{461BC597-308C-4C8C-8BB8-80ED6230C386}.Debug|x86.ActiveCfg = Debug|Any CPU
		{461BC597-308C-4C8C-8BB8-80ED6230C386}.Release|Any CPU.ActiveCfg = Release|Any CPU
		{461BC597-308C-4C8C-8BB8-80ED6230C386}.Release|Any CPU.Build.0 = Release|Any CPU
		{461BC597-308C-4C8C-8BB8-80ED6230C386}.Release|Mixed Platforms.ActiveCfg = Release|Any CPU
		{461BC597-308C-4C8C-8BB8-80ED6230C386}.Release|Mixed Platforms.Build.0 = Release|Any CPU
		{461BC597-308C-4C8C-8BB8-80ED6230C386}.Release|x86.ActiveCfg = Release|Any CPU
		{3BB47BEF-9B6F-408A-AB8A-4B1414492D01}.Debug|Any CPU.ActiveCfg = Debug|Any CPU
		{3BB47BEF-9B6F-408A-AB8A-4B1414492D01}.Debug|Any CPU.Build.0 = Debug|Any CPU
		{3BB47BEF-9B6F-408A-AB8A-4B1414492D01}.Debug|Mixed Platforms.ActiveCfg = Debug|Any CPU
		{3BB47BEF-9B6F-408A-AB8A-4B1414492D01}.Debug|Mixed Platforms.Build.0 = Debug|Any CPU
		{3BB47BEF-9B6F-408A-AB8A-4B1414492D01}.Debug|x86.ActiveCfg = Debug|Any CPU
		{3BB47BEF-9B6F-408A-AB8A-4B1414492D01}.Release|Any CPU.ActiveCfg = Release|Any CPU
		{3BB47BEF-9B6F-408A-AB8A-4B1414492D01}.Release|Any CPU.Build.0 = Release|Any CPU
		{3BB47BEF-9B6F-408A-AB8A-4B1414492D01}.Release|Mixed Platforms.ActiveCfg = Release|Any CPU
		{3BB47BEF-9B6F-408A-AB8A-4B1414492D01}.Release|Mixed Platforms.Build.0 = Release|Any CPU
		{3BB47BEF-9B6F-408A-AB8A-4B1414492D01}.Release|x86.ActiveCfg = Release|Any CPU
	EndGlobalSection
	GlobalSection(SolutionProperties) = preSolution
		HideSolutionNode = FALSE
	EndGlobalSection
	GlobalSection(NestedProjects) = preSolution
		{35D6D022-3F5F-47DF-ACBF-5F2723B48384} = {281B3551-87CB-435D-9DD4-4C4F0FE5F3A4}
		{ACB4B15A-9B69-4817-BC4E-B8FCEB6E3EFF} = {49AD1DB4-091A-47D3-83F2-2C10CEAA9C1B}
		{E2D67FE6-60E8-47D9-9FF8-131842BDB86E} = {49AD1DB4-091A-47D3-83F2-2C10CEAA9C1B}
		{89086766-12A5-4536-80C8-4071194E0086} = {68890B6A-A57C-431C-B8BA-53F6C320A7D2}
		{098F7A69-0E75-4BCD-9622-5F3E4ED7C187} = {68890B6A-A57C-431C-B8BA-53F6C320A7D2}
		{461BC597-308C-4C8C-8BB8-80ED6230C386} = {49BAFDB6-9F31-45A8-877D-7EB29CBC9851}
		{3BB47BEF-9B6F-408A-AB8A-4B1414492D01} = {281B3551-87CB-435D-9DD4-4C4F0FE5F3A4}
	EndGlobalSection
	GlobalSection(ExtensibilityGlobals) = postSolution
		EnterpriseLibraryConfigurationToolBinariesPath = packages\Unity.2.1.505.2\lib\NET35
	EndGlobalSection
EndGlobal
